
Microsoft Visual Studio Solution File, Format Version 12.00
# Visual Studio Version 17
VisualStudioVersion = 17.8.34330.188
MinimumVisualStudioVersion = 10.0.40219.1
Project("{FAE04EC0-301F-11D3-BF4B-00C04F79EFBC}") = "homeworkFeb7", "homeworkFeb7\homeworkFeb7.csproj", "{B445FDAE-5DBD-4E2F-95D3-0FD248851A9F}"
EndProject
Global
	GlobalSection(SolutionConfigurationPlatforms) = preSolution
		Debug|Any CPU = Debug|Any CPU
		Release|Any CPU = Release|Any CPU
	EndGlobalSection
	GlobalSection(ProjectConfigurationPlatforms) = postSolution
		{B445FDAE-5DBD-4E2F-95D3-0FD248851A9F}.Debug|Any CPU.ActiveCfg = Debug|Any CPU
		{B445FDAE-5DBD-4E2F-95D3-0FD248851A9F}.Debug|Any CPU.Build.0 = Debug|Any CPU
		{B445FDAE-5DBD-4E2F-95D3-0FD248851A9F}.Release|Any CPU.ActiveCfg = Release|Any CPU
		{B445FDAE-5DBD-4E2F-95D3-0FD248851A9F}.Release|Any CPU.Build.0 = Release|Any CPU
	EndGlobalSection
	GlobalSection(SolutionProperties) = preSolution
		HideSolutionNode = FALSE
	EndGlobalSection
	GlobalSection(ExtensibilityGlobals) = postSolution
		SolutionGuid = {6599F25D-19DA-4EE5-846F-B32AC96522D2}
	EndGlobalSection
EndGlobal
